
Microsoft Visual Studio Solution File, Format Version 12.00
# Visual Studio Version 17
VisualStudioVersion = 17.0.31903.59
MinimumVisualStudioVersion = 10.0.40219.1
Project("{FAE04EC0-301F-11D3-BF4B-00C04F79EFBC}") = "Tvedc", "Tvedc\Tvedc.csproj", "{93ECA346-72ED-4556-9ED3-745E04BA21B8}"
EndProject
Global
	GlobalSection(SolutionConfigurationPlatforms) = preSolution
		Debug|Any CPU = Debug|Any CPU
		Release|Any CPU = Release|Any CPU
	EndGlobalSection
	GlobalSection(ProjectConfigurationPlatforms) = postSolution
		{93ECA346-72ED-4556-9ED3-745E04BA21B8}.Debug|Any CPU.ActiveCfg = Debug|Any CPU
		{93ECA346-72ED-4556-9ED3-745E04BA21B8}.Debug|Any CPU.Build.0 = Debug|Any CPU
		{93ECA346-72ED-4556-9ED3-745E04BA21B8}.Release|Any CPU.ActiveCfg = Release|Any CPU
		{93ECA346-72ED-4556-9ED3-745E04BA21B8}.Release|Any CPU.Build.0 = Release|Any CPU
	EndGlobalSection
	GlobalSection(SolutionProperties) = preSolution
		HideSolutionNode = FALSE
	EndGlobalSection
	GlobalSection(ExtensibilityGlobals) = postSolution
		SolutionGuid = {CFCA3609-7E38-4195-9304-12D96EA5B2CC}
	EndGlobalSection
EndGlobal
